{
  "requires": true,
  "lockfileVersion": 1,
  "dependencies": {
    "mime": {
      "version": "2.4.5",
      "resolved": "https://registry.npmjs.org/mime/-/mime-2.4.5.tgz",
      "integrity": "sha512-3hQhEUF027BuxZjQA3s7rIv/7VCQPa27hN9u9g87sEkWaKwQPuXOkVKtOeiyUrnWqTDiOs8Ed2rwg733mB0R5w=="
    },
    "mine": {
      "version": "0.1.0",
      "resolved": "https://registry.npmjs.org/mine/-/mine-0.1.0.tgz",
      "integrity": "sha1-kZN1MSFhg9H85JfAHODu9h+Oc9M="
    }
  }
}
